
Microsoft Visual Studio Solution File, Format Version 12.00
# Visual Studio Version 16
VisualStudioVersion = 16.0.31321.278
MinimumVisualStudioVersion = 10.0.40219.1
Project("{FAE04EC0-301F-11D3-BF4B-00C04F79EFBC}") = "AsciiFuntimeLand", "AsciiFuntimeLand.csproj", "{F8E0DC19-E0A2-4C01-B316-8FDD0E7BC75A}"
EndProject
Global
	GlobalSection(SolutionConfigurationPlatforms) = preSolution
		Debug|Any CPU = Debug|Any CPU
		Release|Any CPU = Release|Any CPU
	EndGlobalSection
	GlobalSection(ProjectConfigurationPlatforms) = postSolution
		{F8E0DC19-E0A2-4C01-B316-8FDD0E7BC75A}.Debug|Any CPU.ActiveCfg = Debug|Any CPU
		{F8E0DC19-E0A2-4C01-B316-8FDD0E7BC75A}.Debug|Any CPU.Build.0 = Debug|Any CPU
		{F8E0DC19-E0A2-4C01-B316-8FDD0E7BC75A}.Release|Any CPU.ActiveCfg = Release|Any CPU
		{F8E0DC19-E0A2-4C01-B316-8FDD0E7BC75A}.Release|Any CPU.Build.0 = Release|Any CPU
	EndGlobalSection
	GlobalSection(SolutionProperties) = preSolution
		HideSolutionNode = FALSE
	EndGlobalSection
	GlobalSection(ExtensibilityGlobals) = postSolution
		SolutionGuid = {EA457538-4578-4A22-B030-B2E76C756257}
	EndGlobalSection
EndGlobal
